
Microsoft Visual Studio Solution File, Format Version 12.00
# Visual Studio Version 17
VisualStudioVersion = 17.8.34219.65
MinimumVisualStudioVersion = 10.0.40219.1
Project("{9A19103F-16F7-4668-BE54-9A1E7A4F7556}") = "AuthorizationServer8", "AuthorizationServer8.csproj", "{297189AE-D4E5-4A78-96A5-149709A6EF1F}"
EndProject
Global
	GlobalSection(SolutionConfigurationPlatforms) = preSolution
		Debug|Any CPU = Debug|Any CPU
		Release|Any CPU = Release|Any CPU
	EndGlobalSection
	GlobalSection(ProjectConfigurationPlatforms) = postSolution
		{297189AE-D4E5-4A78-96A5-149709A6EF1F}.Debug|Any CPU.ActiveCfg = Debug|Any CPU
		{297189AE-D4E5-4A78-96A5-149709A6EF1F}.Debug|Any CPU.Build.0 = Debug|Any CPU
		{297189AE-D4E5-4A78-96A5-149709A6EF1F}.Release|Any CPU.ActiveCfg = Release|Any CPU
		{297189AE-D4E5-4A78-96A5-149709A6EF1F}.Release|Any CPU.Build.0 = Release|Any CPU
	EndGlobalSection
	GlobalSection(SolutionProperties) = preSolution
		HideSolutionNode = FALSE
	EndGlobalSection
	GlobalSection(ExtensibilityGlobals) = postSolution
		SolutionGuid = {0F9E0A64-5DA8-484A-B441-8A9F61B79AC3}
	EndGlobalSection
EndGlobal
